
Microsoft Visual Studio Solution File, Format Version 12.00
# Visual Studio Version 16
Project("{8BC9CEB8-8B4A-11D0-8D11-00A0C91BC942}") = "ALL_BUILD", "ALL_BUILD.vcxproj", "{CF885E55-6410-3A3C-92FF-6C864869B00C}"
	ProjectSection(ProjectDependencies) = postProject
		{9F4EE6E2-457E-35CC-A620-4C9D80F6F171} = {9F4EE6E2-457E-35CC-A620-4C9D80F6F171}
	EndProjectSection
EndProject
Project("{8BC9CEB8-8B4A-11D0-8D11-00A0C91BC942}") = "ZERO_CHECK", "ZERO_CHECK.vcxproj", "{9F4EE6E2-457E-35CC-A620-4C9D80F6F171}"
	ProjectSection(ProjectDependencies) = postProject
	EndProjectSection
EndProject
Global
	GlobalSection(SolutionConfigurationPlatforms) = preSolution
		Debug|x64 = Debug|x64
		Release|x64 = Release|x64
		MinSizeRel|x64 = MinSizeRel|x64
		RelWithDebInfo|x64 = RelWithDebInfo|x64
	EndGlobalSection
	GlobalSection(ProjectConfigurationPlatforms) = postSolution
		{CF885E55-6410-3A3C-92FF-6C864869B00C}.Debug|x64.ActiveCfg = Debug|x64
		{CF885E55-6410-3A3C-92FF-6C864869B00C}.Release|x64.ActiveCfg = Release|x64
		{CF885E55-6410-3A3C-92FF-6C864869B00C}.MinSizeRel|x64.ActiveCfg = MinSizeRel|x64
		{CF885E55-6410-3A3C-92FF-6C864869B00C}.RelWithDebInfo|x64.ActiveCfg = RelWithDebInfo|x64
		{9F4EE6E2-457E-35CC-A620-4C9D80F6F171}.Debug|x64.ActiveCfg = Debug|x64
		{9F4EE6E2-457E-35CC-A620-4C9D80F6F171}.Debug|x64.Build.0 = Debug|x64
		{9F4EE6E2-457E-35CC-A620-4C9D80F6F171}.Release|x64.ActiveCfg = Release|x64
		{9F4EE6E2-457E-35CC-A620-4C9D80F6F171}.Release|x64.Build.0 = Release|x64
		{9F4EE6E2-457E-35CC-A620-4C9D80F6F171}.MinSizeRel|x64.ActiveCfg = MinSizeRel|x64
		{9F4EE6E2-457E-35CC-A620-4C9D80F6F171}.MinSizeRel|x64.Build.0 = MinSizeRel|x64
		{9F4EE6E2-457E-35CC-A620-4C9D80F6F171}.RelWithDebInfo|x64.ActiveCfg = RelWithDebInfo|x64
		{9F4EE6E2-457E-35CC-A620-4C9D80F6F171}.RelWithDebInfo|x64.Build.0 = RelWithDebInfo|x64
	EndGlobalSection
	GlobalSection(ExtensibilityGlobals) = postSolution
		SolutionGuid = {6B16D9E6-32D8-36BD-B7F6-96CCE59A235E}
	EndGlobalSection
	GlobalSection(ExtensibilityAddIns) = postSolution
	EndGlobalSection
EndGlobal
