<?xml version="1.0" encoding="utf-8"?>
<Project ToolsVersion="16.0" xmlns="http://schemas.microsoft.com/developer/msbuild/2003">
  <ItemGroup>
    <CustomBuild Include="C:\Users\01142100\source\repos\HammingOne\HammingOne\CMakeFiles\5d1406079a0b21a3fc2333f6289a541d\generate.stamp.rule">
      <Filter>CMake Rules</Filter>
    </CustomBuild>
  </ItemGroup>
  <ItemGroup>
    <Filter Include="CMake Rules">
      <UniqueIdentifier>{D6466474-120E-34D7-A563-62A1764D6580}</UniqueIdentifier>
    </Filter>
  </ItemGroup>
</Project>
